PODS:
  - Alamofire (4.7.3)
  - Bond (6.10.2):
    - Differ (~> 1.3)
    - ReactiveKit (~> 3.9)
  - Differ (1.3.0)
  - Gloss (2.0.1)
  - R.swift (4.0.0):
    - R.swift.Library (~> 4.0.0)
  - R.swift.Library (4.0.0)
  - ReactiveKit (3.9.7)
  - Realm (3.11.1):
    - Realm/Headers (= 3.11.1)
  - Realm/Headers (3.11.1)
  - RealmSwift (3.11.1):
    - Realm (= 3.11.1)

DEPENDENCIES:
  - Alamofire
  - Bond
  - Gloss (~> 2.0)
  - R.swift
  - RealmSwift

SPEC REPOS:
  https://github.com/cocoapods/specs.git:
    - Alamofire
    - Bond
    - Differ
    - Gloss
    - R.swift
    - R.swift.Library
    - ReactiveKit
    - Realm
    - RealmSwift

SPEC CHECKSUMS:
  Alamofire: c7287b6e5d7da964a70935e5db17046b7fde6568
  Bond: 5c9d854fb14d3268496ccaf9b7ccd8428ec1609c
  Differ: 9fcee7602542d7c6484ce05a0faec1c11258ed63
  Gloss: 1e8743f8de1fbe14a97f220ff901cba91ae5f8f8
  R.swift: d6a5ec2f55a8441dc0ed9f1f8b37d7d11ae85c66
  R.swift.Library: c3af34921024333546e23b70e70d0b4e0cffca75
  ReactiveKit: 5f4c440715d671901c382ae6b42ed3337ce4699b
  Realm: 037c5919b9ceb59d6beed5d3b031096856b119b3
  RealmSwift: c9580133e73ef40ed340401af2dbc9a5790dfea7

PODFILE CHECKSUM: a6f1aff7c4b7d3da4982a9f2996beb639fb69bc3

COCOAPODS: 1.5.3
